// !$*UTF8*$!
{
	archiveVersion = 1;
	classes = {
	};
	objectVersion = 56;
	objects = {

/* Begin PBXBuildFile section */
		5FD4955D2CB456BA00052FEC /* RealityKitContent in Frameworks */ = {isa = PBXBuildFile; productRef = 5FD4955C2CB456BA00052FEC /* RealityKitContent */; };
		5FD495612CB456BA00052FEC /* ContentView.swift in Sources */ = {isa = PBXBuildFile; fileRef = 5FD495602CB456BA00052FEC /* ContentView.swift */; };
		5FD495632CB456BD00052FEC /* Assets.xcassets in Resources */ = {isa = PBXBuildFile; fileRef = 5FD495622CB456BD00052FEC /* Assets.xcassets */; };
		5FD495662CB456BD00052FEC /* Preview Assets.xcassets in Resources */ = {isa = PBXBuildFile; fileRef = 5FD495652CB456BD00052FEC /* Preview Assets.xcassets */; };
		5FD495712CB456BD00052FEC /* WhassapTests.swift in Sources */ = {isa = PBXBuildFile; fileRef = 5FD495702CB456BD00052FEC /* WhassapTests.swift */; };
/* End PBXBuildFile section */

/* Begin PBXContainerItemProxy section */
		5FD4956D2CB456BD00052FEC /* PBXContainerItemProxy */ = {
			isa = PBXContainerItemProxy;
			containerPortal = 5FD4954F2CB456BA00052FEC /* Project object */;
			proxyType = 1;
			remoteGlobalIDString = 5FD495562CB456BA00052FEC;
			remoteInfo = Whassap;
		};
/* End PBXContainerItemProxy section */

/* Begin PBXFileReference section */
		5FD495572CB456BA00052FEC /* Yutub.app */ = {isa = PBXFileReference; explicitFileType = wrapper.application; includeInIndex = 0; path = Yutub.app; sourceTree = BUILT_PRODUCTS_DIR; };
		5FD4955B2CB456BA00052FEC /* RealityKitContent */ = {isa = PBXFileReference; lastKnownFileType = wrapper; path = RealityKitContent; sourceTree = "<group>"; };
		5FD495602CB456BA00052FEC /* ContentView.swift */ = {isa = PBXFileReference; lastKnownFileType = sourcecode.swift; path = ContentView.swift; sourceTree = "<group>"; };
		5FD495622CB456BD00052FEC /* Assets.xcassets */ = {isa = PBXFileReference; lastKnownFileType = folder.assetcatalog; path = Assets.xcassets; sourceTree = "<group>"; };
		5FD495652CB456BD00052FEC /* Preview Assets.xcassets */ = {isa = PBXFileReference; lastKnownFileType = folder.assetcatalog; path = "Preview Assets.xcassets"; sourceTree = "<group>"; };
		5FD495672CB456BD00052FEC /* Info.plist */ = {isa = PBXFileReference; lastKnownFileType = text.plist.xml; path = Info.plist; sourceTree = "<group>"; };
		5FD4956C2CB456BD00052FEC /* YutubTests.xctest */ = {isa = PBXFileReference; explicitFileType = wrapper.cfbundle; includeInIndex = 0; path = YutubTests.xctest; sourceTree = BUILT_PRODUCTS_DIR; };
		5FD495702CB456BD00052FEC /* WhassapTests.swift */ = {isa = PBXFileReference; lastKnownFileType = sourcecode.swift; path = WhassapTests.swift; sourceTree = "<group>"; };
/* End PBXFileReference section */

/* Begin PBXFrameworksBuildPhase section */
		5FD495542CB456BA00052FEC /* Frameworks */ = {
			isa = PBXFrameworksBuildPhase;
			buildActionMask = 2147483647;
			files = (
				5FD4955D2CB456BA00052FEC /* RealityKitContent in Frameworks */,
			);
			runOnlyForDeploymentPostprocessing = 0;
		};
		5FD495692CB456BD00052FEC /* Frameworks */ = {
			isa = PBXFrameworksBuildPhase;
			buildActionMask = 2147483647;
			files = (
			);
			runOnlyForDeploymentPostprocessing = 0;
		};
/* End PBXFrameworksBuildPhase section */

/* Begin PBXGroup section */
		5FD4954E2CB456BA00052FEC = {
			isa = PBXGroup;
			children = (
				5FD495592CB456BA00052FEC /* Yutub */,
				5FD4955A2CB456BA00052FEC /* Packages */,
				5FD4956F2CB456BD00052FEC /* YutubTests */,
				5FD495582CB456BA00052FEC /* Products */,
			);
			sourceTree = "<group>";
		};
		5FD495582CB456BA00052FEC /* Products */ = {
			isa = PBXGroup;
			children = (
				5FD495572CB456BA00052FEC /* Yutub.app */,
				5FD4956C2CB456BD00052FEC /* YutubTests.xctest */,
			);
			name = Products;
			sourceTree = "<group>";
		};
		5FD495592CB456BA00052FEC /* Yutub */ = {
			isa = PBXGroup;
			children = (
				5FD495602CB456BA00052FEC /* ContentView.swift */,
				5FD495622CB456BD00052FEC /* Assets.xcassets */,
				5FD495672CB456BD00052FEC /* Info.plist */,
				5FD495642CB456BD00052FEC /* Preview Content */,
			);
			path = Yutub;
			sourceTree = "<group>";
		};
		5FD4955A2CB456BA00052FEC /* Packages */ = {
			isa = PBXGroup;
			children = (
				5FD4955B2CB456BA00052FEC /* RealityKitContent */,
			);
			path = Packages;
			sourceTree = "<group>";
		};
		5FD495642CB456BD00052FEC /* Preview Content */ = {
			isa = PBXGroup;
			children = (
				5FD495652CB456BD00052FEC /* Preview Assets.xcassets */,
			);
			path = "Preview Content";
			sourceTree = "<group>";
		};
		5FD4956F2CB456BD00052FEC /* YutubTests */ = {
			isa = PBXGroup;
			children = (
				5FD495702CB456BD00052FEC /* WhassapTests.swift */,
			);
			path = YutubTests;
			sourceTree = "<group>";
		};
/* End PBXGroup section */

/* Begin PBXNativeTarget section */
		5FD495562CB456BA00052FEC /* Yutub */ = {
			isa = PBXNativeTarget;
			buildConfigurationList = 5FD495742CB456BD00052FEC /* Build configuration list for PBXNativeTarget "Yutub" */;
			buildPhases = (
				5FD495532CB456BA00052FEC /* Sources */,
				5FD495542CB456BA00052FEC /* Frameworks */,
				5FD495552CB456BA00052FEC /* Resources */,
			);
			buildRules = (
			);
			dependencies = (
			);
			name = Yutub;
			packageProductDependencies = (
				5FD4955C2CB456BA00052FEC /* RealityKitContent */,
			);
			productName = Whassap;
			productReference = 5FD495572CB456BA00052FEC /* Yutub.app */;
			productType = "com.apple.product-type.application";
		};
		5FD4956B2CB456BD00052FEC /* YutubTests */ = {
			isa = PBXNativeTarget;
			buildConfigurationList = 5FD495772CB456BD00052FEC /* Build configuration list for PBXNativeTarget "YutubTests" */;
			buildPhases = (
				5FD495682CB456BD00052FEC /* Sources */,
				5FD495692CB456BD00052FEC /* Frameworks */,
				5FD4956A2CB456BD00052FEC /* Resources */,
			);
			buildRules = (
			);
			dependencies = (
				5FD4956E2CB456BD00052FEC /* PBXTargetDependency */,
			);
			name = YutubTests;
			productName = WhassapTests;
			productReference = 5FD4956C2CB456BD00052FEC /* YutubTests.xctest */;
			productType = "com.apple.product-type.bundle.unit-test";
		};
/* End PBXNativeTarget section */

/* Begin PBXProject section */
		5FD4954F2CB456BA00052FEC /* Project object */ = {
			isa = PBXProject;
			attributes = {
				BuildIndependentTargetsInParallel = 1;
				LastSwiftUpdateCheck = 1540;
				LastUpgradeCheck = 1540;
				TargetAttributes = {
					5FD495562CB456BA00052FEC = {
						CreatedOnToolsVersion = 15.4;
					};
					5FD4956B2CB456BD00052FEC = {
						CreatedOnToolsVersion = 15.4;
						TestTargetID = 5FD495562CB456BA00052FEC;
					};
				};
			};
			buildConfigurationList = 5FD495522CB456BA00052FEC /* Build configuration list for PBXProject "Yutub" */;
			compatibilityVersion = "Xcode 14.0";
			developmentRegion = en;
			hasScannedForEncodings = 0;
			knownRegions = (
				en,
				Base,
			);
			mainGroup = 5FD4954E2CB456BA00052FEC;
			productRefGroup = 5FD495582CB456BA00052FEC /* Products */;
			projectDirPath = "";
			projectRoot = "";
			targets = (
				5FD495562CB456BA00052FEC /* Yutub */,
				5FD4956B2CB456BD00052FEC /* YutubTests */,
			);
		};
/* End PBXProject section */

/* Begin PBXResourcesBuildPhase section */
		5FD495552CB456BA00052FEC /* Resources */ = {
			isa = PBXResourcesBuildPhase;
			buildActionMask = 2147483647;
			files = (
				5FD495662CB456BD00052FEC /* Preview Assets.xcassets in Resources */,
				5FD495632CB456BD00052FEC /* Assets.xcassets in Resources */,
			);
			runOnlyForDeploymentPostprocessing = 0;
		};
		5FD4956A2CB456BD00052FEC /* Resources */ = {
			isa = PBXResourcesBuildPhase;
			buildActionMask = 2147483647;
			files = (
			);
			runOnlyForDeploymentPostprocessing = 0;
		};
/* End PBXResourcesBuildPhase section */

/* Begin PBXSourcesBuildPhase section */
		5FD495532CB456BA00052FEC /* Sources */ = {
			isa = PBXSourcesBuildPhase;
			buildActionMask = 2147483647;
			files = (
				5FD495612CB456BA00052FEC /* ContentView.swift in Sources */,
			);
			runOnlyForDeploymentPostprocessing = 0;
		};
		5FD495682CB456BD00052FEC /* Sources */ = {
			isa = PBXSourcesBuildPhase;
			buildActionMask = 2147483647;
			files = (
				5FD495712CB456BD00052FEC /* WhassapTests.swift in Sources */,
			);
			runOnlyForDeploymentPostprocessing = 0;
		};
/* End PBXSourcesBuildPhase section */

/* Begin PBXTargetDependency section */
		5FD4956E2CB456BD00052FEC /* PBXTargetDependency */ = {
			isa = PBXTargetDependency;
			target = 5FD495562CB456BA00052FEC /* Yutub */;
			targetProxy = 5FD4956D2CB456BD00052FEC /* PBXContainerItemProxy */;
		};
/* End PBXTargetDependency section */

/* Begin XCBuildConfiguration section */
		5FD495722CB456BD00052FEC /* Debug */ = {
			isa = XCBuildConfiguration;
			buildSettings = {
				ALWAYS_SEARCH_USER_PATHS = NO;
				ASSETCATALOG_COMPILER_GENERATE_SWIFT_ASSET_SYMBOL_EXTENSIONS = YES;
				CLANG_ANALYZER_NONNULL = YES;
				CLANG_ANALYZER_NUMBER_OBJECT_CONVERSION = YES_AGGRESSIVE;
				CLANG_CXX_LANGUAGE_STANDARD = "gnu++20";
				CLANG_ENABLE_MODULES = YES;
				CLANG_ENABLE_OBJC_ARC = YES;
				CLANG_ENABLE_OBJC_WEAK = YES;
				CLANG_WARN_BLOCK_CAPTURE_AUTORELEASING = YES;
				CLANG_WARN_BOOL_CONVERSION = YES;
				CLANG_WARN_COMMA = YES;
				CLANG_WARN_CONSTANT_CONVERSION = YES;
				CLANG_WARN_DEPRECATED_OBJC_IMPLEMENTATIONS = YES;
				CLANG_WARN_DIRECT_OBJC_ISA_USAGE = YES_ERROR;
				CLANG_WARN_DOCUMENTATION_COMMENTS = YES;
				CLANG_WARN_EMPTY_BODY = YES;
				CLANG_WARN_ENUM_CONVERSION = YES;
				CLANG_WARN_INFINITE_RECURSION = YES;
				CLANG_WARN_INT_CONVERSION = YES;
				CLANG_WARN_NON_LITERAL_NULL_CONVERSION = YES;
				CLANG_WARN_OBJC_IMPLICIT_RETAIN_SELF = YES;
				CLANG_WARN_OBJC_LITERAL_CONVERSION = YES;
				CLANG_WARN_OBJC_ROOT_CLASS = YES_ERROR;
				CLANG_WARN_QUOTED_INCLUDE_IN_FRAMEWORK_HEADER = YES;
				CLANG_WARN_RANGE_LOOP_ANALYSIS = YES;
				CLANG_WARN_STRICT_PROTOTYPES = YES;
				CLANG_WARN_SUSPICIOUS_MOVE = YES;
				CLANG_WARN_UNGUARDED_AVAILABILITY = YES_AGGRESSIVE;
				CLANG_WARN_UNREACHABLE_CODE = YES;
				CLANG_WARN__DUPLICATE_METHOD_MATCH = YES;
				COPY_PHASE_STRIP = NO;
				DEBUG_INFORMATION_FORMAT = dwarf;
				ENABLE_STRICT_OBJC_MSGSEND = YES;
				ENABLE_TESTABILITY = YES;
				ENABLE_USER_SCRIPT_SANDBOXING = YES;
				GCC_C_LANGUAGE_STANDARD = gnu17;
				GCC_DYNAMIC_NO_PIC = NO;
				GCC_NO_COMMON_BLOCKS = YES;
				GCC_OPTIMIZATION_LEVEL = 0;
				GCC_PREPROCESSOR_DEFINITIONS = (
					"DEBUG=1",
					"$(inherited)",
				);
				GCC_WARN_64_TO_32_BIT_CONVERSION = YES;
				GCC_WARN_ABOUT_RETURN_TYPE = YES_ERROR;
				GCC_WARN_UNDECLARED_SELECTOR = YES;
				GCC_WARN_UNINITIALIZED_AUTOS = YES_AGGRESSIVE;
				GCC_WARN_UNUSED_FUNCTION = YES;
				GCC_WARN_UNUSED_VARIABLE = YES;
				LOCALIZATION_PREFERS_STRING_CATALOGS = YES;
				MTL_ENABLE_DEBUG_INFO = INCLUDE_SOURCE;
				MTL_FAST_MATH = YES;
				ONLY_ACTIVE_ARCH = YES;
				SDKROOT = xros;
				SWIFT_ACTIVE_COMPILATION_CONDITIONS = "DEBUG $(inherited)";
				SWIFT_OPTIMIZATION_LEVEL = "-Onone";
				XROS_DEPLOYMENT_TARGET = 1.2;
			};
			name = Debug;
		};
		5FD495732CB456BD00052FEC /* Release */ = {
			isa = XCBuildConfiguration;
			buildSettings = {
				ALWAYS_SEARCH_USER_PATHS = NO;
				ASSETCATALOG_COMPILER_GENERATE_SWIFT_ASSET_SYMBOL_EXTENSIONS = YES;
				CLANG_ANALYZER_NONNULL = YES;
				CLANG_ANALYZER_NUMBER_OBJECT_CONVERSION = YES_AGGRESSIVE;
				CLANG_CXX_LANGUAGE_STANDARD = "gnu++20";
				CLANG_ENABLE_MODULES = YES;
				CLANG_ENABLE_OBJC_ARC = YES;
				CLANG_ENABLE_OBJC_WEAK = YES;
				CLANG_WARN_BLOCK_CAPTURE_AUTORELEASING = YES;
				CLANG_WARN_BOOL_CONVERSION = YES;
				CLANG_WARN_COMMA = YES;
				CLANG_WARN_CONSTANT_CONVERSION = YES;
				CLANG_WARN_DEPRECATED_OBJC_IMPLEMENTATIONS = YES;
				CLANG_WARN_DIRECT_OBJC_ISA_USAGE = YES_ERROR;
				CLANG_WARN_DOCUMENTATION_COMMENTS = YES;
				CLANG_WARN_EMPTY_BODY = YES;
				CLANG_WARN_ENUM_CONVERSION = YES;
				CLANG_WARN_INFINITE_RECURSION = YES;
				CLANG_WARN_INT_CONVERSION = YES;
				CLANG_WARN_NON_LITERAL_NULL_CONVERSION = YES;
				CLANG_WARN_OBJC_IMPLICIT_RETAIN_SELF = YES;
				CLANG_WARN_OBJC_LITERAL_CONVERSION = YES;
				CLANG_WARN_OBJC_ROOT_CLASS = YES_ERROR;
				CLANG_WARN_QUOTED_INCLUDE_IN_FRAMEWORK_HEADER = YES;
				CLANG_WARN_RANGE_LOOP_ANALYSIS = YES;
				CLANG_WARN_STRICT_PROTOTYPES = YES;
				CLANG_WARN_SUSPICIOUS_MOVE = YES;
				CLANG_WARN_UNGUARDED_AVAILABILITY = YES_AGGRESSIVE;
				CLANG_WARN_UNREACHABLE_CODE = YES;
				CLANG_WARN__DUPLICATE_METHOD_MATCH = YES;
				COPY_PHASE_STRIP = NO;
				DEBUG_INFORMATION_FORMAT = "dwarf-with-dsym";
				ENABLE_NS_ASSERTIONS = NO;
				ENABLE_STRICT_OBJC_MSGSEND = YES;
				ENABLE_USER_SCRIPT_SANDBOXING = YES;
				GCC_C_LANGUAGE_STANDARD = gnu17;
				GCC_NO_COMMON_BLOCKS = YES;
				GCC_WARN_64_TO_32_BIT_CONVERSION = YES;
				GCC_WARN_ABOUT_RETURN_TYPE = YES_ERROR;
				GCC_WARN_UNDECLARED_SELECTOR = YES;
				GCC_WARN_UNINITIALIZED_AUTOS = YES_AGGRESSIVE;
				GCC_WARN_UNUSED_FUNCTION = YES;
				GCC_WARN_UNUSED_VARIABLE = YES;
				LOCALIZATION_PREFERS_STRING_CATALOGS = YES;
				MTL_ENABLE_DEBUG_INFO = NO;
				MTL_FAST_MATH = YES;
				SDKROOT = xros;
				SWIFT_COMPILATION_MODE = wholemodule;
				VALIDATE_PRODUCT = YES;
				XROS_DEPLOYMENT_TARGET = 1.2;
			};
			name = Release;
		};
		5FD495752CB456BD00052FEC /* Debug */ = {
			isa = XCBuildConfiguration;
			buildSettings = {
				ASSETCATALOG_COMPILER_APPICON_NAME = AppIcon;
				ASSETCATALOG_COMPILER_GLOBAL_ACCENT_COLOR_NAME = AccentColor;
				CODE_SIGN_STYLE = Automatic;
				CURRENT_PROJECT_VERSION = 1;
				DEVELOPMENT_ASSET_PATHS = "\"Yutub/Preview Content\"";
				DEVELOPMENT_TEAM = 5UXXXESGMK;
				ENABLE_PREVIEWS = YES;
				GENERATE_INFOPLIST_FILE = YES;
				INFOPLIST_FILE = "$(TARGET_NAME)/Info.plist";
				LD_RUNPATH_SEARCH_PATHS = (
					"$(inherited)",
					"@executable_path/Frameworks",
				);
				MARKETING_VERSION = 1.0;
				PRODUCT_BUNDLE_IDENTIFIER = pegpeg.Yutub;
				PRODUCT_NAME = "$(TARGET_NAME)";
				SUPPORTED_PLATFORMS = "xros xrsimulator";
				SWIFT_EMIT_LOC_STRINGS = YES;
				SWIFT_VERSION = 5.0;
				TARGETED_DEVICE_FAMILY = "1,2,7";
			};
			name = Debug;
		};
		5FD495762CB456BD00052FEC /* Release */ = {
			isa = XCBuildConfiguration;
			buildSettings = {
				ASSETCATALOG_COMPILER_APPICON_NAME = AppIcon;
				ASSETCATALOG_COMPILER_GLOBAL_ACCENT_COLOR_NAME = AccentColor;
				CODE_SIGN_STYLE = Automatic;
				CURRENT_PROJECT_VERSION = 1;
				DEVELOPMENT_ASSET_PATHS = "\"Yutub/Preview Content\"";
				DEVELOPMENT_TEAM = 5UXXXESGMK;
				ENABLE_PREVIEWS = YES;
				GENERATE_INFOPLIST_FILE = YES;
				INFOPLIST_FILE = "$(TARGET_NAME)/Info.plist";
				LD_RUNPATH_SEARCH_PATHS = (
					"$(inherited)",
					"@executable_path/Frameworks",
				);
				MARKETING_VERSION = 1.0;
				PRODUCT_BUNDLE_IDENTIFIER = pegpeg.Yutub;
				PRODUCT_NAME = "$(TARGET_NAME)";
				SUPPORTED_PLATFORMS = "xros xrsimulator";
				SWIFT_EMIT_LOC_STRINGS = YES;
				SWIFT_VERSION = 5.0;
				TARGETED_DEVICE_FAMILY = "1,2,7";
			};
			name = Release;
		};
		5FD495782CB456BD00052FEC /* Debug */ = {
			isa = XCBuildConfiguration;
			buildSettings = {
				ALWAYS_EMBED_SWIFT_STANDARD_LIBRARIES = YES;
				BUNDLE_LOADER = "$(TEST_HOST)";
				CODE_SIGN_STYLE = Automatic;
				CURRENT_PROJECT_VERSION = 1;
				DEVELOPMENT_TEAM = 5UXXXESGMK;
				GENERATE_INFOPLIST_FILE = YES;
				MARKETING_VERSION = 1.0;
				PRODUCT_BUNDLE_IDENTIFIER = pegpeg.WhassapTests;
				PRODUCT_NAME = "$(TARGET_NAME)";
				SUPPORTED_PLATFORMS = "xros xrsimulator";
				SWIFT_EMIT_LOC_STRINGS = NO;
				SWIFT_VERSION = 5.0;
				TARGETED_DEVICE_FAMILY = "1,2,7";
				TEST_HOST = "$(BUILT_PRODUCTS_DIR)/Yutub.app/$(BUNDLE_EXECUTABLE_FOLDER_PATH)/Yutub";
				XROS_DEPLOYMENT_TARGET = 1.2;
			};
			name = Debug;
		};
		5FD495792CB456BD00052FEC /* Release */ = {
			isa = XCBuildConfiguration;
			buildSettings = {
				ALWAYS_EMBED_SWIFT_STANDARD_LIBRARIES = YES;
				BUNDLE_LOADER = "$(TEST_HOST)";
				CODE_SIGN_STYLE = Automatic;
				CURRENT_PROJECT_VERSION = 1;
				DEVELOPMENT_TEAM = 5UXXXESGMK;
				GENERATE_INFOPLIST_FILE = YES;
				MARKETING_VERSION = 1.0;
				PRODUCT_BUNDLE_IDENTIFIER = pegpeg.WhassapTests;
				PRODUCT_NAME = "$(TARGET_NAME)";
				SUPPORTED_PLATFORMS = "xros xrsimulator";
				SWIFT_EMIT_LOC_STRINGS = NO;
				SWIFT_VERSION = 5.0;
				TARGETED_DEVICE_FAMILY = "1,2,7";
				TEST_HOST = "$(BUILT_PRODUCTS_DIR)/Yutub.app/$(BUNDLE_EXECUTABLE_FOLDER_PATH)/Yutub";
				XROS_DEPLOYMENT_TARGET = 1.2;
			};
			name = Release;
		};
/* End XCBuildConfiguration section */

/* Begin XCConfigurationList section */
		5FD495522CB456BA00052FEC /* Build configuration list for PBXProject "Yutub" */ = {
			isa = XCConfigurationList;
			buildConfigurations = (
				5FD495722CB456BD00052FEC /* Debug */,
				5FD495732CB456BD00052FEC /* Release */,
			);
			defaultConfigurationIsVisible = 0;
			defaultConfigurationName = Release;
		};
		5FD495742CB456BD00052FEC /* Build configuration list for PBXNativeTarget "Yutub" */ = {
			isa = XCConfigurationList;
			buildConfigurations = (
				5FD495752CB456BD00052FEC /* Debug */,
				5FD495762CB456BD00052FEC /* Release */,
			);
			defaultConfigurationIsVisible = 0;
			defaultConfigurationName = Release;
		};
		5FD495772CB456BD00052FEC /* Build configuration list for PBXNativeTarget "YutubTests" */ = {
			isa = XCConfigurationList;
			buildConfigurations = (
				5FD495782CB456BD00052FEC /* Debug */,
				5FD495792CB456BD00052FEC /* Release */,
			);
			defaultConfigurationIsVisible = 0;
			defaultConfigurationName = Release;
		};
/* End XCConfigurationList section */

/* Begin XCSwiftPackageProductDependency section */
		5FD4955C2CB456BA00052FEC /* RealityKitContent */ = {
			isa = XCSwiftPackageProductDependency;
			productName = RealityKitContent;
		};
/* End XCSwiftPackageProductDependency section */
	};
	rootObject = 5FD4954F2CB456BA00052FEC /* Project object */;
}
